github.com/CaiJimmy/hugo-theme-stack/v3 v3.25.0 h1:pI9uan8QVhmjtJZBQcgRDBU/5J29yquL315hvlWwfEc=
github.com/CaiJimmy/hugo-theme-stack/v3 v3.25.0/go.mod h1:IPmCXiIxlFSLFYS0tOmYP6ySLviyeNVSabyvSuaxD+I=
github.com/martignoni/hugo-notice v0.0.0-20240317181534-be025da2580d h1:YmphoiBKQ7svpO338vXw8NH+Qg20Yu4JsmeHV9f2E5s=
github.com/martignoni/hugo-notice v0.0.0-20240317181534-be025da2580d/go.mod h1:MIQPOMgEcbyRC0gNLzQFSgrS+wIy3RuQ/HbaZYtTOKU=
